
Microsoft Visual Studio Solution File, Format Version 12.00
# Visual Studio Version 16
VisualStudioVersion = 16.0.29920.165
MinimumVisualStudioVersion = 10.0.40219.1
Project("{FAE04EC0-301F-11D3-BF4B-00C04F79EFBC}") = "KafkaProducerExample", "KafkaProducerExample\KafkaProducerExample.csproj", "{F2A34B30-7578-4771-827B-AC685105993F}"
EndProject
Project("{FAE04EC0-301F-11D3-BF4B-00C04F79EFBC}") = "Dependencies", "Dependencies\Dependencies.csproj", "{E7BD1D0D-5323-4FC1-AD25-885809538E23}"
EndProject
Project("{FAE04EC0-301F-11D3-BF4B-00C04F79EFBC}") = "KafkaConsumerExample", "KafkaConsumerExample\KafkaConsumerExample.csproj", "{3E6D699D-51C5-4F18-951F-23936614AD32}"
EndProject
Global
	GlobalSection(SolutionConfigurationPlatforms) = preSolution
		Debug|Any CPU = Debug|Any CPU
		Release|Any CPU = Release|Any CPU
	EndGlobalSection
	GlobalSection(ProjectConfigurationPlatforms) = postSolution
		{F2A34B30-7578-4771-827B-AC685105993F}.Debug|Any CPU.ActiveCfg = Debug|Any CPU
		{F2A34B30-7578-4771-827B-AC685105993F}.Debug|Any CPU.Build.0 = Debug|Any CPU
		{F2A34B30-7578-4771-827B-AC685105993F}.Release|Any CPU.ActiveCfg = Release|Any CPU
		{F2A34B30-7578-4771-827B-AC685105993F}.Release|Any CPU.Build.0 = Release|Any CPU
		{E7BD1D0D-5323-4FC1-AD25-885809538E23}.Debug|Any CPU.ActiveCfg = Debug|Any CPU
		{E7BD1D0D-5323-4FC1-AD25-885809538E23}.Debug|Any CPU.Build.0 = Debug|Any CPU
		{E7BD1D0D-5323-4FC1-AD25-885809538E23}.Release|Any CPU.ActiveCfg = Release|Any CPU
		{E7BD1D0D-5323-4FC1-AD25-885809538E23}.Release|Any CPU.Build.0 = Release|Any CPU
		{3E6D699D-51C5-4F18-951F-23936614AD32}.Debug|Any CPU.ActiveCfg = Debug|Any CPU
		{3E6D699D-51C5-4F18-951F-23936614AD32}.Debug|Any CPU.Build.0 = Debug|Any CPU
		{3E6D699D-51C5-4F18-951F-23936614AD32}.Release|Any CPU.ActiveCfg = Release|Any CPU
		{3E6D699D-51C5-4F18-951F-23936614AD32}.Release|Any CPU.Build.0 = Release|Any CPU
	EndGlobalSection
	GlobalSection(SolutionProperties) = preSolution
		HideSolutionNode = FALSE
	EndGlobalSection
	GlobalSection(ExtensibilityGlobals) = postSolution
		SolutionGuid = {04C5352F-B485-49C9-9359-B4362C915EB2}
	EndGlobalSection
EndGlobal
